
Microsoft Visual Studio Solution File, Format Version 12.00
# Visual Studio Version 17
VisualStudioVersion = 17.9.34728.123
MinimumVisualStudioVersion = 10.0.40219.1
Project("{FAE04EC0-301F-11D3-BF4B-00C04F79EFBC}") = "brealoutdls", "brealoutdls\brealoutdls.csproj", "{4A6B3CA0-D05D-412F-ABB4-A7100FE0C032}"
EndProject
Global
	GlobalSection(SolutionConfigurationPlatforms) = preSolution
		Debug|Any CPU = Debug|Any CPU
		Release|Any CPU = Release|Any CPU
	EndGlobalSection
	GlobalSection(ProjectConfigurationPlatforms) = postSolution
		{4A6B3CA0-D05D-412F-ABB4-A7100FE0C032}.Debug|Any CPU.ActiveCfg = Debug|Any CPU
		{4A6B3CA0-D05D-412F-ABB4-A7100FE0C032}.Debug|Any CPU.Build.0 = Debug|Any CPU
		{4A6B3CA0-D05D-412F-ABB4-A7100FE0C032}.Release|Any CPU.ActiveCfg = Release|Any CPU
		{4A6B3CA0-D05D-412F-ABB4-A7100FE0C032}.Release|Any CPU.Build.0 = Release|Any CPU
	EndGlobalSection
	GlobalSection(SolutionProperties) = preSolution
		HideSolutionNode = FALSE
	EndGlobalSection
	GlobalSection(ExtensibilityGlobals) = postSolution
		SolutionGuid = {1EE5DC2B-2E87-4F37-921F-07CEE0909A26}
	EndGlobalSection
EndGlobal
